// !$*UTF8*$!
{
	archiveVersion = 1;
	classes = {
	};
	objectVersion = 46;
	objects = {

/* Begin PBXBuildFile section */
		70A18BCA18C08A7B00D7827B /* Foundation.framework in Frameworks */ = {isa = PBXBuildFile; fileRef = 70A18BC918C08A7B00D7827B /* Foundation.framework */; };
		70A18BCC18C08A7B00D7827B /* CoreGraphics.framework in Frameworks */ = {isa = PBXBuildFile; fileRef = 70A18BCB18C08A7B00D7827B /* CoreGraphics.framework */; };
		70A18BCE18C08A7B00D7827B /* UIKit.framework in Frameworks */ = {isa = PBXBuildFile; fileRef = 70A18BCD18C08A7B00D7827B /* UIKit.framework */; };
		70A18BD418C08A7B00D7827B /* InfoPlist.strings in Resources */ = {isa = PBXBuildFile; fileRef = 70A18BD218C08A7B00D7827B /* InfoPlist.strings */; };
		70A18BD618C08A7B00D7827B /* main.m in Sources */ = {isa = PBXBuildFile; fileRef = 70A18BD518C08A7B00D7827B /* main.m */; };
		70A18BDA18C08A7B00D7827B /* WDAppDelegate.m in Sources */ = {isa = PBXBuildFile; fileRef = 70A18BD918C08A7B00D7827B /* WDAppDelegate.m */; };
		70A18BDC18C08A7B00D7827B /* Images.xcassets in Resources */ = {isa = PBXBuildFile; fileRef = 70A18BDB18C08A7B00D7827B /* Images.xcassets */; };
		70A18BE318C08A7B00D7827B /* XCTest.framework in Frameworks */ = {isa = PBXBuildFile; fileRef = 70A18BE218C08A7B00D7827B /* XCTest.framework */; };
		70A18BE418C08A7B00D7827B /* Foundation.framework in Frameworks */ = {isa = PBXBuildFile; fileRef = 70A18BC918C08A7B00D7827B /* Foundation.framework */; };
		70A18BE518C08A7B00D7827B /* UIKit.framework in Frameworks */ = {isa = PBXBuildFile; fileRef = 70A18BCD18C08A7B00D7827B /* UIKit.framework */; };
		70A18BED18C08A7B00D7827B /* InfoPlist.strings in Resources */ = {isa = PBXBuildFile; fileRef = 70A18BEB18C08A7B00D7827B /* InfoPlist.strings */; };
		70A18BEF18C08A7B00D7827B /* WorldTests.m in Sources */ = {isa = PBXBuildFile; fileRef = 70A18BEE18C08A7B00D7827B /* WorldTests.m */; };
		70A18BFB18C08B1200D7827B /* WDMainViewController.m in Sources */ = {isa = PBXBuildFile; fileRef = 70A18BF918C08B1200D7827B /* WDMainViewController.m */; };
		70A18BFC18C08B1200D7827B /* WDMainViewController.xib in Resources */ = {isa = PBXBuildFile; fileRef = 70A18BFA18C08B1200D7827B /* WDMainViewController.xib */; };
/* End PBXBuildFile section */

/* Begin PBXContainerItemProxy section */
		70A18BE618C08A7B00D7827B /* PBXContainerItemProxy */ = {
			isa = PBXContainerItemProxy;
			containerPortal = 70A18BBE18C08A7B00D7827B /* Project object */;
			proxyType = 1;
			remoteGlobalIDString = 70A18BC518C08A7B00D7827B;
			remoteInfo = World;
		};
/* End PBXContainerItemProxy section */

/* Begin PBXFileReference section */
		70A18BC618C08A7B00D7827B /* World.app */ = {isa = PBXFileReference; explicitFileType = wrapper.application; includeInIndex = 0; path = World.app; sourceTree = BUILT_PRODUCTS_DIR; };
		70A18BC918C08A7B00D7827B /* Foundation.framework */ = {isa = PBXFileReference; lastKnownFileType = wrapper.framework; name = Foundation.framework; path = System/Library/Frameworks/Foundation.framework; sourceTree = SDKROOT; };
		70A18BCB18C08A7B00D7827B /* CoreGraphics.framework */ = {isa = PBXFileReference; lastKnownFileType = wrapper.framework; name = CoreGraphics.framework; path = System/Library/Frameworks/CoreGraphics.framework; sourceTree = SDKROOT; };
		70A18BCD18C08A7B00D7827B /* UIKit.framework */ = {isa = PBXFileReference; lastKnownFileType = wrapper.framework; name = UIKit.framework; path = System/Library/Frameworks/UIKit.framework; sourceTree = SDKROOT; };
		70A18BD118C08A7B00D7827B /* World-Info.plist */ = {isa = PBXFileReference; lastKnownFileType = text.plist.xml; path = "World-Info.plist"; sourceTree = "<group>"; };
		70A18BD318C08A7B00D7827B /* en */ = {isa = PBXFileReference; lastKnownFileType = text.plist.strings; name = en; path = en.lproj/InfoPlist.strings; sourceTree = "<group>"; };
		70A18BD518C08A7B00D7827B /* main.m */ = {isa = PBXFileReference; lastKnownFileType = sourcecode.c.objc; path = main.m; sourceTree = "<group>"; };
		70A18BD718C08A7B00D7827B /* World-Prefix.pch */ = {isa = PBXFileReference; lastKnownFileType = sourcecode.c.h; path = "World-Prefix.pch"; sourceTree = "<group>"; };
		70A18BD818C08A7B00D7827B /* WDAppDelegate.h */ = {isa = PBXFileReference; lastKnownFileType = sourcecode.c.h; path = WDAppDelegate.h; sourceTree = "<group>"; };
		70A18BD918C08A7B00D7827B /* WDAppDelegate.m */ = {isa = PBXFileReference; lastKnownFileType = sourcecode.c.objc; path = WDAppDelegate.m; sourceTree = "<group>"; };
		70A18BDB18C08A7B00D7827B /* Images.xcassets */ = {isa = PBXFileReference; lastKnownFileType = folder.assetcatalog; path = Images.xcassets; sourceTree = "<group>"; };
		70A18BE118C08A7B00D7827B /* WorldTests.xctest */ = {isa = PBXFileReference; explicitFileType = wrapper.cfbundle; includeInIndex = 0; path = WorldTests.xctest; sourceTree = BUILT_PRODUCTS_DIR; };
		70A18BE218C08A7B00D7827B /* XCTest.framework */ = {isa = PBXFileReference; lastKnownFileType = wrapper.framework; name = XCTest.framework; path = Library/Frameworks/XCTest.framework; sourceTree = DEVELOPER_DIR; };
		70A18BEA18C08A7B00D7827B /* WorldTests-Info.plist */ = {isa = PBXFileReference; lastKnownFileType = text.plist.xml; path = "WorldTests-Info.plist"; sourceTree = "<group>"; };
		70A18BEC18C08A7B00D7827B /* en */ = {isa = PBXFileReference; lastKnownFileType = text.plist.strings; name = en; path = en.lproj/InfoPlist.strings; sourceTree = "<group>"; };
		70A18BEE18C08A7B00D7827B /* WorldTests.m */ = {isa = PBXFileReference; lastKnownFileType = sourcecode.c.objc; path = WorldTests.m; sourceTree = "<group>"; };
		70A18BF818C08B1200D7827B /* WDMainViewController.h */ = {isa = PBXFileReference; fileEncoding = 4; lastKnownFileType = sourcecode.c.h; path = WDMainViewController.h; sourceTree = "<group>"; };
		70A18BF918C08B1200D7827B /* WDMainViewController.m */ = {isa = PBXFileReference; fileEncoding = 4; lastKnownFileType = sourcecode.c.objc; path = WDMainViewController.m; sourceTree = "<group>"; };
		70A18BFA18C08B1200D7827B /* WDMainViewController.xib */ = {isa = PBXFileReference; fileEncoding = 4; lastKnownFileType = file.xib; path = WDMainViewController.xib; sourceTree = "<group>"; };
/* End PBXFileReference section */

/* Begin PBXFrameworksBuildPhase section */
		70A18BC318C08A7B00D7827B /* Frameworks */ = {
			isa = PBXFrameworksBuildPhase;
			buildActionMask = 2147483647;
			files = (
				70A18BCC18C08A7B00D7827B /* CoreGraphics.framework in Frameworks */,
				70A18BCE18C08A7B00D7827B /* UIKit.framework in Frameworks */,
				70A18BCA18C08A7B00D7827B /* Foundation.framework in Frameworks */,
			);
			runOnlyForDeploymentPostprocessing = 0;
		};
		70A18BDE18C08A7B00D7827B /* Frameworks */ = {
			isa = PBXFrameworksBuildPhase;
			buildActionMask = 2147483647;
			files = (
				70A18BE318C08A7B00D7827B /* XCTest.framework in Frameworks */,
				70A18BE518C08A7B00D7827B /* UIKit.framework in Frameworks */,
				70A18BE418C08A7B00D7827B /* Foundation.framework in Frameworks */,
			);
			runOnlyForDeploymentPostprocessing = 0;
		};
/* End PBXFrameworksBuildPhase section */

/* Begin PBXGroup section */
		70A18BBD18C08A7B00D7827B = {
			isa = PBXGroup;
			children = (
				70A18BCF18C08A7B00D7827B /* World */,
				70A18BE818C08A7B00D7827B /* WorldTests */,
				70A18BC818C08A7B00D7827B /* Frameworks */,
				70A18BC718C08A7B00D7827B /* Products */,
			);
			sourceTree = "<group>";
		};
		70A18BC718C08A7B00D7827B /* Products */ = {
			isa = PBXGroup;
			children = (
				70A18BC618C08A7B00D7827B /* World.app */,
				70A18BE118C08A7B00D7827B /* WorldTests.xctest */,
			);
			name = Products;
			sourceTree = "<group>";
		};
		70A18BC818C08A7B00D7827B /* Frameworks */ = {
			isa = PBXGroup;
			children = (
				70A18BC918C08A7B00D7827B /* Foundation.framework */,
				70A18BCB18C08A7B00D7827B /* CoreGraphics.framework */,
				70A18BCD18C08A7B00D7827B /* UIKit.framework */,
				70A18BE218C08A7B00D7827B /* XCTest.framework */,
			);
			name = Frameworks;
			sourceTree = "<group>";
		};
		70A18BCF18C08A7B00D7827B /* World */ = {
			isa = PBXGroup;
			children = (
				70A18BD818C08A7B00D7827B /* WDAppDelegate.h */,
				70A18BD918C08A7B00D7827B /* WDAppDelegate.m */,
				70A18BF818C08B1200D7827B /* WDMainViewController.h */,
				70A18BF918C08B1200D7827B /* WDMainViewController.m */,
				70A18BFA18C08B1200D7827B /* WDMainViewController.xib */,
				70A18BDB18C08A7B00D7827B /* Images.xcassets */,
				70A18BD018C08A7B00D7827B /* Supporting Files */,
			);
			path = World;
			sourceTree = "<group>";
		};
		70A18BD018C08A7B00D7827B /* Supporting Files */ = {
			isa = PBXGroup;
			children = (
				70A18BD118C08A7B00D7827B /* World-Info.plist */,
				70A18BD218C08A7B00D7827B /* InfoPlist.strings */,
				70A18BD518C08A7B00D7827B /* main.m */,
				70A18BD718C08A7B00D7827B /* World-Prefix.pch */,
			);
			name = "Supporting Files";
			sourceTree = "<group>";
		};
		70A18BE818C08A7B00D7827B /* WorldTests */ = {
			isa = PBXGroup;
			children = (
				70A18BEE18C08A7B00D7827B /* WorldTests.m */,
				70A18BE918C08A7B00D7827B /* Supporting Files */,
			);
			path = WorldTests;
			sourceTree = "<group>";
		};
		70A18BE918C08A7B00D7827B /* Supporting Files */ = {
			isa = PBXGroup;
			children = (
				70A18BEA18C08A7B00D7827B /* WorldTests-Info.plist */,
				70A18BEB18C08A7B00D7827B /* InfoPlist.strings */,
			);
			name = "Supporting Files";
			sourceTree = "<group>";
		};
/* End PBXGroup section */

/* Begin PBXNativeTarget section */
		70A18BC518C08A7B00D7827B /* World */ = {
			isa = PBXNativeTarget;
			buildConfigurationList = 70A18BF218C08A7B00D7827B /* Build configuration list for PBXNativeTarget "World" */;
			buildPhases = (
				70A18BC218C08A7B00D7827B /* Sources */,
				70A18BC318C08A7B00D7827B /* Frameworks */,
				70A18BC418C08A7B00D7827B /* Resources */,
			);
			buildRules = (
			);
			dependencies = (
			);
			name = World;
			productName = World;
			productReference = 70A18BC618C08A7B00D7827B /* World.app */;
			productType = "com.apple.product-type.application";
		};
		70A18BE018C08A7B00D7827B /* WorldTests */ = {
			isa = PBXNativeTarget;
			buildConfigurationList = 70A18BF518C08A7B00D7827B /* Build configuration list for PBXNativeTarget "WorldTests" */;
			buildPhases = (
				70A18BDD18C08A7B00D7827B /* Sources */,
				70A18BDE18C08A7B00D7827B /* Frameworks */,
				70A18BDF18C08A7B00D7827B /* Resources */,
			);
			buildRules = (
			);
			dependencies = (
				70A18BE718C08A7B00D7827B /* PBXTargetDependency */,
			);
			name = WorldTests;
			productName = WorldTests;
			productReference = 70A18BE118C08A7B00D7827B /* WorldTests.xctest */;
			productType = "com.apple.product-type.bundle.unit-test";
		};
/* End PBXNativeTarget section */

/* Begin PBXProject section */
		70A18BBE18C08A7B00D7827B /* Project object */ = {
			isa = PBXProject;
			attributes = {
				CLASSPREFIX = WD;
				LastUpgradeCheck = 0500;
				ORGANIZATIONNAME = "Vishwesh K Joshi";
				TargetAttributes = {
					70A18BE018C08A7B00D7827B = {
						TestTargetID = 70A18BC518C08A7B00D7827B;
					};
				};
			};
			buildConfigurationList = 70A18BC118C08A7B00D7827B /* Build configuration list for PBXProject "World" */;
			compatibilityVersion = "Xcode 3.2";
			developmentRegion = English;
			hasScannedForEncodings = 0;
			knownRegions = (
				en,
			);
			mainGroup = 70A18BBD18C08A7B00D7827B;
			productRefGroup = 70A18BC718C08A7B00D7827B /* Products */;
			projectDirPath = "";
			projectRoot = "";
			targets = (
				70A18BC518C08A7B00D7827B /* World */,
				70A18BE018C08A7B00D7827B /* WorldTests */,
			);
		};
/* End PBXProject section */

/* Begin PBXResourcesBuildPhase section */
		70A18BC418C08A7B00D7827B /* Resources */ = {
			isa = PBXResourcesBuildPhase;
			buildActionMask = 2147483647;
			files = (
				70A18BD418C08A7B00D7827B /* InfoPlist.strings in Resources */,
				70A18BDC18C08A7B00D7827B /* Images.xcassets in Resources */,
				70A18BFC18C08B1200D7827B /* WDMainViewController.xib in Resources */,
			);
			runOnlyForDeploymentPostprocessing = 0;
		};
		70A18BDF18C08A7B00D7827B /* Resources */ = {
			isa = PBXResourcesBuildPhase;
			buildActionMask = 2147483647;
			files = (
				70A18BED18C08A7B00D7827B /* InfoPlist.strings in Resources */,
			);
			runOnlyForDeploymentPostprocessing = 0;
		};
/* End PBXResourcesBuildPhase section */

/* Begin PBXSourcesBuildPhase section */
		70A18BC218C08A7B00D7827B /* Sources */ = {
			isa = PBXSourcesBuildPhase;
			buildActionMask = 2147483647;
			files = (
				70A18BD618C08A7B00D7827B /* main.m in Sources */,
				70A18BDA18C08A7B00D7827B /* WDAppDelegate.m in Sources */,
				70A18BFB18C08B1200D7827B /* WDMainViewController.m in Sources */,
			);
			runOnlyForDeploymentPostprocessing = 0;
		};
		70A18BDD18C08A7B00D7827B /* Sources */ = {
			isa = PBXSourcesBuildPhase;
			buildActionMask = 2147483647;
			files = (
				70A18BEF18C08A7B00D7827B /* WorldTests.m in Sources */,
			);
			runOnlyForDeploymentPostprocessing = 0;
		};
/* End PBXSourcesBuildPhase section */

/* Begin PBXTargetDependency section */
		70A18BE718C08A7B00D7827B /* PBXTargetDependency */ = {
			isa = PBXTargetDependency;
			target = 70A18BC518C08A7B00D7827B /* World */;
			targetProxy = 70A18BE618C08A7B00D7827B /* PBXContainerItemProxy */;
		};
/* End PBXTargetDependency section */

/* Begin PBXVariantGroup section */
		70A18BD218C08A7B00D7827B /* InfoPlist.strings */ = {
			isa = PBXVariantGroup;
			children = (
				70A18BD318C08A7B00D7827B /* en */,
			);
			name = InfoPlist.strings;
			sourceTree = "<group>";
		};
		70A18BEB18C08A7B00D7827B /* InfoPlist.strings */ = {
			isa = PBXVariantGroup;
			children = (
				70A18BEC18C08A7B00D7827B /* en */,
			);
			name = InfoPlist.strings;
			sourceTree = "<group>";
		};
/* End PBXVariantGroup section */

/* Begin XCBuildConfiguration section */
		70A18BF018C08A7B00D7827B /* Debug */ = {
			isa = XCBuildConfiguration;
			buildSettings = {
				ALWAYS_SEARCH_USER_PATHS = NO;
				ARCHS = "$(ARCHS_STANDARD_INCLUDING_64_BIT)";
				CLANG_CXX_LANGUAGE_STANDARD = "gnu++0x";
				CLANG_CXX_LIBRARY = "libc++";
				CLANG_ENABLE_MODULES = YES;
				CLANG_ENABLE_OBJC_ARC = YES;
				CLANG_WARN_BOOL_CONVERSION = YES;
				CLANG_WARN_CONSTANT_CONVERSION = YES;
				CLANG_WARN_DIRECT_OBJC_ISA_USAGE = YES_ERROR;
				CLANG_WARN_EMPTY_BODY = YES;
				CLANG_WARN_ENUM_CONVERSION = YES;
				CLANG_WARN_INT_CONVERSION = YES;
				CLANG_WARN_OBJC_ROOT_CLASS = YES_ERROR;
				CLANG_WARN__DUPLICATE_METHOD_MATCH = YES;
				"CODE_SIGN_IDENTITY[sdk=iphoneos*]" = "iPhone Developer";
				COPY_PHASE_STRIP = NO;
				GCC_C_LANGUAGE_STANDARD = gnu99;
				GCC_DYNAMIC_NO_PIC = NO;
				GCC_OPTIMIZATION_LEVEL = 0;
				GCC_PREPROCESSOR_DEFINITIONS = (
					"DEBUG=1",
					"$(inherited)",
				);
				GCC_SYMBOLS_PRIVATE_EXTERN = NO;
				GCC_WARN_64_TO_32_BIT_CONVERSION = YES;
				GCC_WARN_ABOUT_RETURN_TYPE = YES_ERROR;
				GCC_WARN_UNDECLARED_SELECTOR = YES;
				GCC_WARN_UNINITIALIZED_AUTOS = YES;
				GCC_WARN_UNUSED_FUNCTION = YES;
				GCC_WARN_UNUSED_VARIABLE = YES;
				IPHONEOS_DEPLOYMENT_TARGET = 7.0;
				ONLY_ACTIVE_ARCH = YES;
				SDKROOT = iphoneos;
				TARGETED_DEVICE_FAMILY = 2;
			};
			name = Debug;
		};
		70A18BF118C08A7B00D7827B /* Release */ = {
			isa = XCBuildConfiguration;
			buildSettings = {
				ALWAYS_SEARCH_USER_PATHS = NO;
				ARCHS = "$(ARCHS_STANDARD_INCLUDING_64_BIT)";
				CLANG_CXX_LANGUAGE_STANDARD = "gnu++0x";
				CLANG_CXX_LIBRARY = "libc++";
				CLANG_ENABLE_MODULES = YES;
				CLANG_ENABLE_OBJC_ARC = YES;
				CLANG_WARN_BOOL_CONVERSION = YES;
				CLANG_WARN_CONSTANT_CONVERSION = YES;
				CLANG_WARN_DIRECT_OBJC_ISA_USAGE = YES_ERROR;
				CLANG_WARN_EMPTY_BODY = YES;
				CLANG_WARN_ENUM_CONVERSION = YES;
				CLANG_WARN_INT_CONVERSION = YES;
				CLANG_WARN_OBJC_ROOT_CLASS = YES_ERROR;
				CLANG_WARN__DUPLICATE_METHOD_MATCH = YES;
				"CODE_SIGN_IDENTITY[sdk=iphoneos*]" = "iPhone Developer";
				COPY_PHASE_STRIP = YES;
				ENABLE_NS_ASSERTIONS = NO;
				GCC_C_LANGUAGE_STANDARD = gnu99;
				GCC_WARN_64_TO_32_BIT_CONVERSION = YES;
				GCC_WARN_ABOUT_RETURN_TYPE = YES_ERROR;
				GCC_WARN_UNDECLARED_SELECTOR = YES;
				GCC_WARN_UNINITIALIZED_AUTOS = YES;
				GCC_WARN_UNUSED_FUNCTION = YES;
				GCC_WARN_UNUSED_VARIABLE = YES;
				IPHONEOS_DEPLOYMENT_TARGET = 7.0;
				SDKROOT = iphoneos;
				TARGETED_DEVICE_FAMILY = 2;
				VALIDATE_PRODUCT = YES;
			};
			name = Release;
		};
		70A18BF318C08A7B00D7827B /* Debug */ = {
			isa = XCBuildConfiguration;
			buildSettings = {
				ASSETCATALOG_COMPILER_APPICON_NAME = AppIcon;
				ASSETCATALOG_COMPILER_LAUNCHIMAGE_NAME = LaunchImage;
				GCC_PRECOMPILE_PREFIX_HEADER = YES;
				GCC_PREFIX_HEADER = "World/World-Prefix.pch";
				INFOPLIST_FILE = "World/World-Info.plist";
				PRODUCT_NAME = "$(TARGET_NAME)";
				WRAPPER_EXTENSION = app;
			};
			name = Debug;
		};
		70A18BF418C08A7B00D7827B /* Release */ = {
			isa = XCBuildConfiguration;
			buildSettings = {
				ASSETCATALOG_COMPILER_APPICON_NAME = AppIcon;
				ASSETCATALOG_COMPILER_LAUNCHIMAGE_NAME = LaunchImage;
				GCC_PRECOMPILE_PREFIX_HEADER = YES;
				GCC_PREFIX_HEADER = "World/World-Prefix.pch";
				INFOPLIST_FILE = "World/World-Info.plist";
				PRODUCT_NAME = "$(TARGET_NAME)";
				WRAPPER_EXTENSION = app;
			};
			name = Release;
		};
		70A18BF618C08A7B00D7827B /* Debug */ = {
			isa = XCBuildConfiguration;
			buildSettings = {
				ARCHS = "$(ARCHS_STANDARD_INCLUDING_64_BIT)";
				BUNDLE_LOADER = "$(BUILT_PRODUCTS_DIR)/World.app/World";
				FRAMEWORK_SEARCH_PATHS = (
					"$(SDKROOT)/Developer/Library/Frameworks",
					"$(inherited)",
					"$(DEVELOPER_FRAMEWORKS_DIR)",
				);
				GCC_PRECOMPILE_PREFIX_HEADER = YES;
				GCC_PREFIX_HEADER = "World/World-Prefix.pch";
				GCC_PREPROCESSOR_DEFINITIONS = (
					"DEBUG=1",
					"$(inherited)",
				);
				INFOPLIST_FILE = "WorldTests/WorldTests-Info.plist";
				PRODUCT_NAME = "$(TARGET_NAME)";
				TEST_HOST = "$(BUNDLE_LOADER)";
				WRAPPER_EXTENSION = xctest;
			};
			name = Debug;
		};
		70A18BF718C08A7B00D7827B /* Release */ = {
			isa = XCBuildConfiguration;
			buildSettings = {
				ARCHS = "$(ARCHS_STANDARD_INCLUDING_64_BIT)";
				BUNDLE_LOADER = "$(BUILT_PRODUCTS_DIR)/World.app/World";
				FRAMEWORK_SEARCH_PATHS = (
					"$(SDKROOT)/Developer/Library/Frameworks",
					"$(inherited)",
					"$(DEVELOPER_FRAMEWORKS_DIR)",
				);
				GCC_PRECOMPILE_PREFIX_HEADER = YES;
				GCC_PREFIX_HEADER = "World/World-Prefix.pch";
				INFOPLIST_FILE = "WorldTests/WorldTests-Info.plist";
				PRODUCT_NAME = "$(TARGET_NAME)";
				TEST_HOST = "$(BUNDLE_LOADER)";
				WRAPPER_EXTENSION = xctest;
			};
			name = Release;
		};
/* End XCBuildConfiguration section */

/* Begin XCConfigurationList section */
		70A18BC118C08A7B00D7827B /* Build configuration list for PBXProject "World" */ = {
			isa = XCConfigurationList;
			buildConfigurations = (
				70A18BF018C08A7B00D7827B /* Debug */,
				70A18BF118C08A7B00D7827B /* Release */,
			);
			defaultConfigurationIsVisible = 0;
			defaultConfigurationName = Release;
		};
		70A18BF218C08A7B00D7827B /* Build configuration list for PBXNativeTarget "World" */ = {
			isa = XCConfigurationList;
			buildConfigurations = (
				70A18BF318C08A7B00D7827B /* Debug */,
				70A18BF418C08A7B00D7827B /* Release */,
			);
			defaultConfigurationIsVisible = 0;
		};
		70A18BF518C08A7B00D7827B /* Build configuration list for PBXNativeTarget "WorldTests" */ = {
			isa = XCConfigurationList;
			buildConfigurations = (
				70A18BF618C08A7B00D7827B /* Debug */,
				70A18BF718C08A7B00D7827B /* Release */,
			);
			defaultConfigurationIsVisible = 0;
		};
/* End XCConfigurationList section */
	};
	rootObject = 70A18BBE18C08A7B00D7827B /* Project object */;
}
